
Microsoft Visual Studio Solution File, Format Version 12.00
# Visual Studio 15
VisualStudioVersion = 15.0.28010.2046
MinimumVisualStudioVersion = 10.0.40219.1
Project("{FAE04EC0-301F-11D3-BF4B-00C04F79EFBC}") = "UDPRecieveNumber", "UDPRecieveNumber\UDPRecieveNumber.csproj", "{D2979949-DCA8-4408-B33F-5C14A2A3E449}"
EndProject
Global
	GlobalSection(SolutionConfigurationPlatforms) = preSolution
		Debug|Any CPU = Debug|Any CPU
		Release|Any CPU = Release|Any CPU
	EndGlobalSection
	GlobalSection(ProjectConfigurationPlatforms) = postSolution
		{D2979949-DCA8-4408-B33F-5C14A2A3E449}.Debug|Any CPU.ActiveCfg = Debug|Any CPU
		{D2979949-DCA8-4408-B33F-5C14A2A3E449}.Debug|Any CPU.Build.0 = Debug|Any CPU
		{D2979949-DCA8-4408-B33F-5C14A2A3E449}.Release|Any CPU.ActiveCfg = Release|Any CPU
		{D2979949-DCA8-4408-B33F-5C14A2A3E449}.Release|Any CPU.Build.0 = Release|Any CPU
	EndGlobalSection
	GlobalSection(SolutionProperties) = preSolution
		HideSolutionNode = FALSE
	EndGlobalSection
	GlobalSection(ExtensibilityGlobals) = postSolution
		SolutionGuid = {F026D4DC-B3A0-4451-B916-3680128847BD}
	EndGlobalSection
EndGlobal
